{
  "R": {
    "Version": "4.2.2",
    "Repositories": [
      {
        "Name": "CRAN",
        "URL": "https://cloud.r-project.org"
      }
    ]
  },
  "Packages": {
    "Matrix": {
      "Package": "Matrix",
      "Version": "1.5-1",
      "Source": "Repository",
      "Repository": "CRAN",
      "Hash": "539dc0c0c05636812f1080f473d2c177",
      "Requirements": [
        "lattice"
      ]
    },
    "data.table": {
      "Package": "data.table",
      "Version": "1.14.4",
      "Source": "Repository",
      "Repository": "CRAN",
      "Hash": "b9b912b41064aaa79270f24d123c887d",
      "Requirements": []
    },
    "jsonlite": {
      "Package": "jsonlite",
      "Version": "1.8.3",
      "Source": "Repository",
      "Repository": "CRAN",
      "Hash": "8b1bd0be62956f2a6b91ce84fac79a45",
      "Requirements": []
    },
    "lattice": {
      "Package": "lattice",
      "Version": "0.20-45",
      "Source": "Repository",
      "Repository": "CRAN",
      "Hash": "b64cdbb2b340437c4ee047a1f4c4377b",
      "Requirements": []
    },
    "xgboost": {
      "Package": "xgboost",
      "Version": "1.7.3.1",
      "Source": "Repository",
      "Repository": "CRAN",
      "Hash": "4f00baeb6a030e7f058994e2796cdf82",
      "Requirements": [
        "Matrix",
        "data.table",
        "jsonlite"
      ]
    }
  }
}
